PODS:
  - CocoaLumberjack (2.2.0):
    - CocoaLumberjack/Default (= 2.2.0)
    - CocoaLumberjack/Extensions (= 2.2.0)
  - CocoaLumberjack/Core (2.2.0)
  - CocoaLumberjack/Default (2.2.0):
    - CocoaLumberjack/Core
  - CocoaLumberjack/Extensions (2.2.0):
    - CocoaLumberjack/Default
  - Kiwi (2.4.0)
  - NUIParse (1.3)

DEPENDENCIES:
  - CocoaLumberjack (~> 2.0)
  - Kiwi (>= 2.3.0)
  - NUIParse

SPEC CHECKSUMS:
  CocoaLumberjack: 17fe8581f84914d5d7e6360f7c70022b173c3ae0
  Kiwi: f49c9d54b28917df5928fe44968a39ed198cb8a8
  NUIParse: 2e3885ba7807477266396292626bd387d34c2338

COCOAPODS: 0.39.0
